
Microsoft Visual Studio Solution File, Format Version 12.00
# Visual Studio Version 17
VisualStudioVersion = 17.11.35327.3
MinimumVisualStudioVersion = 10.0.40219.1
Project("{FAE04EC0-301F-11D3-BF4B-00C04F79EFBC}") = "FormsLogin", "FormsLogin\FormsLogin.csproj", "{D59A0387-73F6-411C-BA9A-846A716D9ECA}"
EndProject
Global
	GlobalSection(SolutionConfigurationPlatforms) = preSolution
		Debug|Any CPU = Debug|Any CPU
		Release|Any CPU = Release|Any CPU
	EndGlobalSection
	GlobalSection(ProjectConfigurationPlatforms) = postSolution
		{D59A0387-73F6-411C-BA9A-846A716D9ECA}.Debug|Any CPU.ActiveCfg = Debug|Any CPU
		{D59A0387-73F6-411C-BA9A-846A716D9ECA}.Debug|Any CPU.Build.0 = Debug|Any CPU
		{D59A0387-73F6-411C-BA9A-846A716D9ECA}.Release|Any CPU.ActiveCfg = Release|Any CPU
		{D59A0387-73F6-411C-BA9A-846A716D9ECA}.Release|Any CPU.Build.0 = Release|Any CPU
	EndGlobalSection
	GlobalSection(SolutionProperties) = preSolution
		HideSolutionNode = FALSE
	EndGlobalSection
	GlobalSection(ExtensibilityGlobals) = postSolution
		SolutionGuid = {7F62BB0F-DA48-47C0-BBC8-449337877143}
	EndGlobalSection
EndGlobal
